
Microsoft Visual Studio Solution File, Format Version 12.00
# Visual Studio Version 17
VisualStudioVersion = 17.3.32929.385
MinimumVisualStudioVersion = 10.0.40219.1
Project("{8BC9CEB8-8B4A-11D0-8D11-00A0C91BC942}") = "Projekt_AIN", "Projekt_AIN.vcxproj", "{09CDB1EE-CCF1-442D-94DF-04CCAC370723}"
EndProject
Global
	GlobalSection(SolutionConfigurationPlatforms) = preSolution
		Debug|x64 = Debug|x64
		Debug|x86 = Debug|x86
		Release|x64 = Release|x64
		Release|x86 = Release|x86
	EndGlobalSection
	GlobalSection(ProjectConfigurationPlatforms) = postSolution
		{09CDB1EE-CCF1-442D-94DF-04CCAC370723}.Debug|x64.ActiveCfg = Debug|x64
		{09CDB1EE-CCF1-442D-94DF-04CCAC370723}.Debug|x64.Build.0 = Debug|x64
		{09CDB1EE-CCF1-442D-94DF-04CCAC370723}.Debug|x86.ActiveCfg = Debug|Win32
		{09CDB1EE-CCF1-442D-94DF-04CCAC370723}.Debug|x86.Build.0 = Debug|Win32
		{09CDB1EE-CCF1-442D-94DF-04CCAC370723}.Release|x64.ActiveCfg = Release|x64
		{09CDB1EE-CCF1-442D-94DF-04CCAC370723}.Release|x64.Build.0 = Release|x64
		{09CDB1EE-CCF1-442D-94DF-04CCAC370723}.Release|x86.ActiveCfg = Release|Win32
		{09CDB1EE-CCF1-442D-94DF-04CCAC370723}.Release|x86.Build.0 = Release|Win32
	EndGlobalSection
	GlobalSection(SolutionProperties) = preSolution
		HideSolutionNode = FALSE
	EndGlobalSection
	GlobalSection(ExtensibilityGlobals) = postSolution
		SolutionGuid = {6DB03855-A9AC-4FF0-8977-E54AB8126991}
	EndGlobalSection
EndGlobal
